
Microsoft Visual Studio Solution File, Format Version 12.00
# Visual Studio Version 17
VisualStudioVersion = 17.14.36414.22 d17.14
MinimumVisualStudioVersion = 10.0.40219.1
Project("{FAE04EC0-301F-11D3-BF4B-00C04F79EFBC}") = "QLKhachSan", "QLKhachSan\QLKhachSan.csproj", "{58B17E65-678C-458D-B12C-15650D380B3D}"
EndProject
Global
	GlobalSection(SolutionConfigurationPlatforms) = preSolution
		Debug|Any CPU = Debug|Any CPU
		Release|Any CPU = Release|Any CPU
	EndGlobalSection
	GlobalSection(ProjectConfigurationPlatforms) = postSolution
		{58B17E65-678C-458D-B12C-15650D380B3D}.Debug|Any CPU.ActiveCfg = Debug|Any CPU
		{58B17E65-678C-458D-B12C-15650D380B3D}.Debug|Any CPU.Build.0 = Debug|Any CPU
		{58B17E65-678C-458D-B12C-15650D380B3D}.Release|Any CPU.ActiveCfg = Release|Any CPU
		{58B17E65-678C-458D-B12C-15650D380B3D}.Release|Any CPU.Build.0 = Release|Any CPU
	EndGlobalSection
	GlobalSection(SolutionProperties) = preSolution
		HideSolutionNode = FALSE
	EndGlobalSection
	GlobalSection(ExtensibilityGlobals) = postSolution
		SolutionGuid = {7E8636B2-F87B-4738-B7CA-9A89E3785BF0}
	EndGlobalSection
EndGlobal
